
Microsoft Visual Studio Solution File, Format Version 12.00
# Visual Studio Version 17
VisualStudioVersion = 17.8.34525.116
MinimumVisualStudioVersion = 10.0.40219.1
Project("{FAE04EC0-301F-11D3-BF4B-00C04F79EFBC}") = "SignalR", "SignalR\SignalR.csproj", "{DAC74ADB-DCF6-4682-8B0E-095376F65BA1}"
EndProject
Global
	GlobalSection(SolutionConfigurationPlatforms) = preSolution
		Debug|Any CPU = Debug|Any CPU
		Release|Any CPU = Release|Any CPU
	EndGlobalSection
	GlobalSection(ProjectConfigurationPlatforms) = postSolution
		{DAC74ADB-DCF6-4682-8B0E-095376F65BA1}.Debug|Any CPU.ActiveCfg = Debug|Any CPU
		{DAC74ADB-DCF6-4682-8B0E-095376F65BA1}.Debug|Any CPU.Build.0 = Debug|Any CPU
		{DAC74ADB-DCF6-4682-8B0E-095376F65BA1}.Release|Any CPU.ActiveCfg = Release|Any CPU
		{DAC74ADB-DCF6-4682-8B0E-095376F65BA1}.Release|Any CPU.Build.0 = Release|Any CPU
	EndGlobalSection
	GlobalSection(SolutionProperties) = preSolution
		HideSolutionNode = FALSE
	EndGlobalSection
	GlobalSection(ExtensibilityGlobals) = postSolution
		SolutionGuid = {1731A378-B520-4768-A071-B43809B5FD90}
	EndGlobalSection
EndGlobal
